{
  "name": "root-photobooth",
  "version": "1.0.0",
  "lockfileVersion": 3,
  "requires": true,
  "packages": {
    "": {
      "name": "root-photobooth",
      "version": "1.0.0",
      "license": "MIT",
      "dependencies": {
        "@types/lodash": "^4.14.191",
        "@types/object-hash": "^3.0.2",
        "inngest": "^1.1.0",
        "lodash": "^4.17.21",
        "object-hash": "^3.0.0",
        "pyodide": "^0.22.1"
      }
    },
    "node_modules/@types/lodash": {
      "version": "4.14.191",
      "resolved": "https://registry.npmjs.org/@types/lodash/-/lodash-4.14.191.tgz",
      "integrity": "sha512-BdZ5BCCvho3EIXw6wUCXHe7rS53AIDPLE+JzwgT+OsJk53oBfbSmZZ7CX4VaRoN78N+TJpFi9QPlfIVNmJYWxQ=="
    },
    "node_modules/@types/object-hash": {
      "version": "3.0.2",
      "resolved": "https://registry.npmjs.org/@types/object-hash/-/object-hash-3.0.2.tgz",
      "integrity": "sha512-tfyXl1JPCf2hzIDK29gO7qGqJjThKBzg/Cn3bA68R9NmWdOx+f7k5mm4to/n43BHspCwcoUC6FU4NpUoK/h9bQ=="
    },
    "node_modules/base-64": {
      "version": "1.0.0",
      "resolved": "https://registry.npmjs.org/base-64/-/base-64-1.0.0.tgz",
      "integrity": "sha512-kwDPIFCGx0NZHog36dj+tHiwP4QMzsZ3AgMViUBKI0+V5n4U0ufTCUMhnQ04diaRI8EX/QcPfql7zlhZ7j4zgg=="
    },
    "node_modules/base64-js": {
      "version": "1.5.1",
      "resolved": "https://registry.npmjs.org/base64-js/-/base64-js-1.5.1.tgz",
      "integrity": "sha512-AKpaYlHn8t4SVbOHCy+b5+KKgvR4vrsD8vbvrbiQJps7fKDTkjkDry6ji0rUJjC0kzbNePLwzxq8iypo41qeWA==",
      "funding": [
        {
          "type": "github",
          "url": "https://github.com/sponsors/feross"
        },
        {
          "type": "patreon",
          "url": "https://www.patreon.com/feross"
        },
        {
          "type": "consulting",
          "url": "https://feross.org/support"
        }
      ]
    },
    "node_modules/buffer": {
      "version": "6.0.3",
      "resolved": "https://registry.npmjs.org/buffer/-/buffer-6.0.3.tgz",
      "integrity": "sha512-FTiCpNxtwiZZHEZbcbTIcZjERVICn9yq/pDFkTl95/AxzD1naBctN7YO68riM/gLSDY7sdrMby8hofADYuuqOA==",
      "funding": [
        {
          "type": "github",
          "url": "https://github.com/sponsors/feross"
        },
        {
          "type": "patreon",
          "url": "https://www.patreon.com/feross"
        },
        {
          "type": "consulting",
          "url": "https://feross.org/support"
        }
      ],
      "dependencies": {
        "base64-js": "^1.3.1",
        "ieee754": "^1.2.1"
      }
    },
    "node_modules/cookie-es": {
      "version": "0.5.0",
      "resolved": "https://registry.npmjs.org/cookie-es/-/cookie-es-0.5.0.tgz",
      "integrity": "sha512-RyZrFi6PNpBFbIaQjXDlFIhFVqV42QeKSZX1yQIl6ihImq6vcHNGMtqQ/QzY3RMPuYSkvsRwtnt5M9NeYxKt0g=="
    },
    "node_modules/cross-fetch": {
      "version": "3.1.5",
      "resolved": "https://registry.npmjs.org/cross-fetch/-/cross-fetch-3.1.5.tgz",
      "integrity": "sha512-lvb1SBsI0Z7GDwmuid+mU3kWVBwTVUbe7S0H52yaaAdQOXq2YktTCZdlAcNKFzE6QtRz0snpw9bNiPeOIkkQvw==",
      "dependencies": {
        "node-fetch": "2.6.7"
      }
    },
    "node_modules/cross-fetch/node_modules/node-fetch": {
      "version": "2.6.7",
      "resolved": "https://registry.npmjs.org/node-fetch/-/node-fetch-2.6.7.tgz",
      "integrity": "sha512-ZjMPFEfVx5j+y2yF35Kzx5sF7kDzxuDj6ziH4FFbOp87zKDZNx8yExJIb05OGF4Nlt9IHFIMBkRl41VdvcNdbQ==",
      "dependencies": {
        "whatwg-url": "^5.0.0"
      },
      "engines": {
        "node": "4.x || >=6.0.0"
      },
      "peerDependencies": {
        "encoding": "^0.1.0"
      },
      "peerDependenciesMeta": {
        "encoding": {
          "optional": true
        }
      }
    },
    "node_modules/destr": {
      "version": "1.2.2",
      "resolved": "https://registry.npmjs.org/destr/-/destr-1.2.2.tgz",
      "integrity": "sha512-lrbCJwD9saUQrqUfXvl6qoM+QN3W7tLV5pAOs+OqOmopCCz/JkE05MHedJR1xfk4IAnZuJXPVuN5+7jNA2ZCiA=="
    },
    "node_modules/h3": {
      "version": "1.4.0",
      "resolved": "https://registry.npmjs.org/h3/-/h3-1.4.0.tgz",
      "integrity": "sha512-FWG+FUdW6XQnf/54L4AXzZs1KUYwSJk5cbdFvTM4EG96bEQiWDJ5003xW4S3UGgXI0VJJgyY6KCaDmAL75kjbA==",
      "dependencies": {
        "cookie-es": "^0.5.0",
        "destr": "^1.2.2",
        "iron-webcrypto": "^0.4.0",
        "radix3": "^1.0.0",
        "ufo": "^1.0.1",
        "uncrypto": "^0.1.2"
      }
    },
    "node_modules/hash.js": {
      "version": "1.1.7",
      "resolved": "https://registry.npmjs.org/hash.js/-/hash.js-1.1.7.tgz",
      "integrity": "sha512-taOaskGt4z4SOANNseOviYDvjEJinIkRgmp7LbKP2YTTmVxWBl87s/uzK9r+44BclBSp2X7K1hqeNfz9JbBeXA==",
      "dependencies": {
        "inherits": "^2.0.3",
        "minimalistic-assert": "^1.0.1"
      }
    },
    "node_modules/ieee754": {
      "version": "1.2.1",
      "resolved": "https://registry.npmjs.org/ieee754/-/ieee754-1.2.1.tgz",
      "integrity": "sha512-dcyqhDvX1C46lXZcVqCpK+FtMRQVdIMN6/Df5js2zouUsqG7I6sFxitIC+7KYK29KdXOLHdu9zL4sFnoVQnqaA==",
      "funding": [
        {
          "type": "github",
          "url": "https://github.com/sponsors/feross"
        },
        {
          "type": "patreon",
          "url": "https://www.patreon.com/feross"
        },
        {
          "type": "consulting",
          "url": "https://feross.org/support"
        }
      ]
    },
    "node_modules/inherits": {
      "version": "2.0.4",
      "resolved": "https://registry.npmjs.org/inherits/-/inherits-2.0.4.tgz",
      "integrity": "sha512-k/vGaX4/Yla3WzyMCvTQOXYeIHvqOKtnqBduzTHpzpQZzAskKMhZ2K+EnBiSM9zGSoIFeMpXKxa4dYeZIQqewQ=="
    },
    "node_modules/inngest": {
      "version": "1.1.0",
      "resolved": "https://registry.npmjs.org/inngest/-/inngest-1.1.0.tgz",
      "integrity": "sha512-cZyZndnVIPo7yi7sfOUg7AwaoSPlpgagVVyHXMgLMZgTq241RKObodCq9isaC2SRSNOh01Y6D9W/bh06VFvu/w==",
      "dependencies": {
        "buffer": "^6.0.3",
        "cross-fetch": "^3.1.5",
        "h3": "^1.0.2",
        "hash.js": "^1.1.7",
        "json-stringify-deterministic": "^1.0.8",
        "ms": "^2.1.3",
        "serialize-error-cjs": "^0.1.3",
        "type-fest": "^3.5.1",
        "zod": "^3.19.1"
      },
      "bin": {
        "inngest-init": "init.js"
      }
    },
    "node_modules/iron-webcrypto": {
      "version": "0.4.0",
      "resolved": "https://registry.npmjs.org/iron-webcrypto/-/iron-webcrypto-0.4.0.tgz",
      "integrity": "sha512-5OG53gJ4dBTq4y3IJqK7MEG9CPZRsYn9EP9J4jjgH4TcP/ywdsSMAmqj9VTSzdXu0/xfUrqjGHU7WLUme2+k5Q==",
      "funding": {
        "url": "https://github.com/sponsors/brc-dd"
      }
    },
    "node_modules/json-stringify-deterministic": {
      "version": "1.0.8",
      "resolved": "https://registry.npmjs.org/json-stringify-deterministic/-/json-stringify-deterministic-1.0.8.tgz",
      "integrity": "sha512-rkJID3qeigo3VCrEcxX1333fTBBxW89YrdYcZexMnL/WdB8u0zctyG63e/DpahRJyrWCDhh7IQhiR7u2XEDQ4Q==",
      "engines": {
        "node": ">= 4"
      }
    },
    "node_modules/lodash": {
      "version": "4.17.21",
      "resolved": "https://registry.npmjs.org/lodash/-/lodash-4.17.21.tgz",
      "integrity": "sha512-v2kDEe57lecTulaDIuNTPy3Ry4gLGJ6Z1O3vE1krgXZNrsQ+LFTGHVxVjcXPs17LhbZVGedAJv8XZ1tvj5FvSg=="
    },
    "node_modules/minimalistic-assert": {
      "version": "1.0.1",
      "resolved": "https://registry.npmjs.org/minimalistic-assert/-/minimalistic-assert-1.0.1.tgz",
      "integrity": "sha512-UtJcAD4yEaGtjPezWuO9wC4nwUnVH/8/Im3yEHQP4b67cXlD/Qr9hdITCU1xDbSEXg2XKNaP8jsReV7vQd00/A=="
    },
    "node_modules/ms": {
      "version": "2.1.3",
      "resolved": "https://registry.npmjs.org/ms/-/ms-2.1.3.tgz",
      "integrity": "sha512-6FlzubTLZG3J2a/NVCAleEhjzq5oxgHyaCU9yYXvcLsvoVaHJq/s5xXI6/XXP6tz7R9xAOtHnSO/tXtF3WRTlA=="
    },
    "node_modules/node-fetch": {
      "version": "2.6.9",
      "resolved": "https://registry.npmjs.org/node-fetch/-/node-fetch-2.6.9.tgz",
      "integrity": "sha512-DJm/CJkZkRjKKj4Zi4BsKVZh3ValV5IR5s7LVZnW+6YMh0W1BfNA8XSs6DLMGYlId5F3KnA70uu2qepcR08Qqg==",
      "dependencies": {
        "whatwg-url": "^5.0.0"
      },
      "engines": {
        "node": "4.x || >=6.0.0"
      },
      "peerDependencies": {
        "encoding": "^0.1.0"
      },
      "peerDependenciesMeta": {
        "encoding": {
          "optional": true
        }
      }
    },
    "node_modules/object-hash": {
      "version": "3.0.0",
      "resolved": "https://registry.npmjs.org/object-hash/-/object-hash-3.0.0.tgz",
      "integrity": "sha512-RSn9F68PjH9HqtltsSnqYC1XXoWe9Bju5+213R98cNGttag9q9yAOTzdbsqvIa7aNm5WffBZFpWYr2aWrklWAw==",
      "engines": {
        "node": ">= 6"
      }
    },
    "node_modules/pyodide": {
      "version": "0.22.1",
      "resolved": "https://registry.npmjs.org/pyodide/-/pyodide-0.22.1.tgz",
      "integrity": "sha512-6+PkFLTC+kcBKtFQxYBxR44J5IBxLm8UGkobLgZv1SxzV9qOU2rb0YYf0qDtlnfDiN/IQd2uckf+D8Zwe88Mqg==",
      "dependencies": {
        "base-64": "^1.0.0",
        "node-fetch": "^2.6.1",
        "ws": "^8.5.0"
      }
    },
    "node_modules/radix3": {
      "version": "1.0.0",
      "resolved": "https://registry.npmjs.org/radix3/-/radix3-1.0.0.tgz",
      "integrity": "sha512-6n3AEXth91ASapMVKiEh2wrbFJmI+NBilrWE0AbiGgfm0xet0QXC8+a3K19r1UVYjUjctUgB053c3V/J6V0kCQ=="
    },
    "node_modules/serialize-error-cjs": {
      "version": "0.1.3",
      "resolved": "https://registry.npmjs.org/serialize-error-cjs/-/serialize-error-cjs-0.1.3.tgz",
      "integrity": "sha512-GXwbHkufrNZ87O7DUEvWhR8eBnOqiXtHsOXakkJliG7eLDmjh6gDlbJbMZFFbUx0J5sXKgwq4NFCs41dF5MhiA==",
      "funding": {
        "url": "https://github.com/sponsors/finwo"
      }
    },
    "node_modules/tr46": {
      "version": "0.0.3",
      "resolved": "https://registry.npmjs.org/tr46/-/tr46-0.0.3.tgz",
      "integrity": "sha512-N3WMsuqV66lT30CrXNbEjx4GEwlow3v6rr4mCcv6prnfwhS01rkgyFdjPNBYd9br7LpXV1+Emh01fHnq2Gdgrw=="
    },
    "node_modules/type-fest": {
      "version": "3.5.7",
      "resolved": "https://registry.npmjs.org/type-fest/-/type-fest-3.5.7.tgz",
      "integrity": "sha512-6J4bYzb4sdkcLBty4XW7F18VPI66M4boXNE+CY40532oq2OJe6AVMB5NmjOp6skt/jw5mRjz/hLRpuglz0U+FA==",
      "engines": {
        "node": ">=14.16"
      },
      "funding": {
        "url": "https://github.com/sponsors/sindresorhus"
      }
    },
    "node_modules/ufo": {
      "version": "1.0.1",
      "resolved": "https://registry.npmjs.org/ufo/-/ufo-1.0.1.tgz",
      "integrity": "sha512-boAm74ubXHY7KJQZLlXrtMz52qFvpsbOxDcZOnw/Wf+LS4Mmyu7JxmzD4tDLtUQtmZECypJ0FrCz4QIe6dvKRA=="
    },
    "node_modules/uncrypto": {
      "version": "0.1.2",
      "resolved": "https://registry.npmjs.org/uncrypto/-/uncrypto-0.1.2.tgz",
      "integrity": "sha512-kuZwRKV615lEw/Xx3Iz56FKk3nOeOVGaVmw0eg+x4Mne28lCotNFbBhDW7dEBCBKyKbRQiCadEZeNAFPVC5cgw=="
    },
    "node_modules/webidl-conversions": {
      "version": "3.0.1",
      "resolved": "https://registry.npmjs.org/webidl-conversions/-/webidl-conversions-3.0.1.tgz",
      "integrity": "sha512-2JAn3z8AR6rjK8Sm8orRC0h/bcl/DqL7tRPdGZ4I1CjdF+EaMLmYxBHyXuKL849eucPFhvBoxMsflfOb8kxaeQ=="
    },
    "node_modules/whatwg-url": {
      "version": "5.0.0",
      "resolved": "https://registry.npmjs.org/whatwg-url/-/whatwg-url-5.0.0.tgz",
      "integrity": "sha512-saE57nupxk6v3HY35+jzBwYa0rKSy0XR8JSxZPwgLr7ys0IBzhGviA1/TUGJLmSVqs8pb9AnvICXEuOHLprYTw==",
      "dependencies": {
        "tr46": "~0.0.3",
        "webidl-conversions": "^3.0.0"
      }
    },
    "node_modules/ws": {
      "version": "8.12.1",
      "resolved": "https://registry.npmjs.org/ws/-/ws-8.12.1.tgz",
      "integrity": "sha512-1qo+M9Ba+xNhPB+YTWUlK6M17brTut5EXbcBaMRN5pH5dFrXz7lzz1ChFSUq3bOUl8yEvSenhHmYUNJxFzdJew==",
      "engines": {
        "node": ">=10.0.0"
      },
      "peerDependencies": {
        "bufferutil": "^4.0.1",
        "utf-8-validate": ">=5.0.2"
      },
      "peerDependenciesMeta": {
        "bufferutil": {
          "optional": true
        },
        "utf-8-validate": {
          "optional": true
        }
      }
    },
    "node_modules/zod": {
      "version": "3.20.6",
      "resolved": "https://registry.npmjs.org/zod/-/zod-3.20.6.tgz",
      "integrity": "sha512-oyu0m54SGCtzh6EClBVqDDlAYRz4jrVtKwQ7ZnsEmMI9HnzuZFj8QFwAY1M5uniIYACdGvv0PBWPF2kO0aNofA==",
      "funding": {
        "url": "https://github.com/sponsors/colinhacks"
      }
    }
  }
}
